// !$*UTF8*$!
{
	archiveVersion = 1;
	classes = {
	};
	objectVersion = 46;
	objects = {

/* Begin PBXBuildFile section */
		7D4BBAAA1D4A11E700A59EB4 /* AppDelegate.swift in Sources */ = {isa = PBXBuildFile; fileRef = 7D4BBAA91D4A11E700A59EB4 /* AppDelegate.swift */; };
		7D4BBAAC1D4A11E700A59EB4 /* ViewController.swift in Sources */ = {isa = PBXBuildFile; fileRef = 7D4BBAAB1D4A11E700A59EB4 /* ViewController.swift */; };
		7D4BBAAF1D4A11E700A59EB4 /* Main.storyboard in Resources */ = {isa = PBXBuildFile; fileRef = 7D4BBAAD1D4A11E700A59EB4 /* Main.storyboard */; };
		7D4BBAB21D4A11E700A59EB4 /* githubTest.xcdatamodeld in Sources */ = {isa = PBXBuildFile; fileRef = 7D4BBAB01D4A11E700A59EB4 /* githubTest.xcdatamodeld */; };
		7D4BBAB41D4A11E700A59EB4 /* Assets.xcassets in Resources */ = {isa = PBXBuildFile; fileRef = 7D4BBAB31D4A11E700A59EB4 /* Assets.xcassets */; };
		7D4BBAB71D4A11E700A59EB4 /* LaunchScreen.storyboard in Resources */ = {isa = PBXBuildFile; fileRef = 7D4BBAB51D4A11E700A59EB4 /* LaunchScreen.storyboard */; };
		7D4BBAC21D4A11E700A59EB4 /* githubTestTests.swift in Sources */ = {isa = PBXBuildFile; fileRef = 7D4BBAC11D4A11E700A59EB4 /* githubTestTests.swift */; };
		7D4BBACD1D4A11E700A59EB4 /* githubTestUITests.swift in Sources */ = {isa = PBXBuildFile; fileRef = 7D4BBACC1D4A11E700A59EB4 /* githubTestUITests.swift */; };
/* End PBXBuildFile section */

/* Begin PBXContainerItemProxy section */
		7D4BBABE1D4A11E700A59EB4 /* PBXContainerItemProxy */ = {
			isa = PBXContainerItemProxy;
			containerPortal = 7D4BBA9E1D4A11E700A59EB4 /* Project object */;
			proxyType = 1;
			remoteGlobalIDString = 7D4BBAA51D4A11E700A59EB4;
			remoteInfo = githubTest;
		};
		7D4BBAC91D4A11E700A59EB4 /* PBXContainerItemProxy */ = {
			isa = PBXContainerItemProxy;
			containerPortal = 7D4BBA9E1D4A11E700A59EB4 /* Project object */;
			proxyType = 1;
			remoteGlobalIDString = 7D4BBAA51D4A11E700A59EB4;
			remoteInfo = githubTest;
		};
/* End PBXContainerItemProxy section */

/* Begin PBXFileReference section */
		7D4BBAA61D4A11E700A59EB4 /* githubTest.app */ = {isa = PBXFileReference; explicitFileType = wrapper.application; includeInIndex = 0; path = githubTest.app; sourceTree = BUILT_PRODUCTS_DIR; };
		7D4BBAA91D4A11E700A59EB4 /* AppDelegate.swift */ = {isa = PBXFileReference; lastKnownFileType = sourcecode.swift; path = AppDelegate.swift; sourceTree = "<group>"; };
		7D4BBAAB1D4A11E700A59EB4 /* ViewController.swift */ = {isa = PBXFileReference; lastKnownFileType = sourcecode.swift; path = ViewController.swift; sourceTree = "<group>"; };
		7D4BBAAE1D4A11E700A59EB4 /* Base */ = {isa = PBXFileReference; lastKnownFileType = file.storyboard; name = Base; path = Base.lproj/Main.storyboard; sourceTree = "<group>"; };
		7D4BBAB11D4A11E700A59EB4 /* githubTest.xcdatamodel */ = {isa = PBXFileReference; lastKnownFileType = wrapper.xcdatamodel; path = githubTest.xcdatamodel; sourceTree = "<group>"; };
		7D4BBAB31D4A11E700A59EB4 /* Assets.xcassets */ = {isa = PBXFileReference; lastKnownFileType = folder.assetcatalog; path = Assets.xcassets; sourceTree = "<group>"; };
		7D4BBAB61D4A11E700A59EB4 /* Base */ = {isa = PBXFileReference; lastKnownFileType = file.storyboard; name = Base; path = Base.lproj/LaunchScreen.storyboard; sourceTree = "<group>"; };
		7D4BBAB81D4A11E700A59EB4 /* Info.plist */ = {isa = PBXFileReference; lastKnownFileType = text.plist.xml; path = Info.plist; sourceTree = "<group>"; };
		7D4BBABD1D4A11E700A59EB4 /* githubTestTests.xctest */ = {isa = PBXFileReference; explicitFileType = wrapper.cfbundle; includeInIndex = 0; path = githubTestTests.xctest; sourceTree = BUILT_PRODUCTS_DIR; };
		7D4BBAC11D4A11E700A59EB4 /* githubTestTests.swift */ = {isa = PBXFileReference; lastKnownFileType = sourcecode.swift; path = githubTestTests.swift; sourceTree = "<group>"; };
		7D4BBAC31D4A11E700A59EB4 /* Info.plist */ = {isa = PBXFileReference; lastKnownFileType = text.plist.xml; path = Info.plist; sourceTree = "<group>"; };
		7D4BBAC81D4A11E700A59EB4 /* githubTestUITests.xctest */ = {isa = PBXFileReference; explicitFileType = wrapper.cfbundle; includeInIndex = 0; path = githubTestUITests.xctest; sourceTree = BUILT_PRODUCTS_DIR; };
		7D4BBACC1D4A11E700A59EB4 /* githubTestUITests.swift */ = {isa = PBXFileReference; lastKnownFileType = sourcecode.swift; path = githubTestUITests.swift; sourceTree = "<group>"; };
		7D4BBACE1D4A11E700A59EB4 /* Info.plist */ = {isa = PBXFileReference; lastKnownFileType = text.plist.xml; path = Info.plist; sourceTree = "<group>"; };
/* End PBXFileReference section */

/* Begin PBXFrameworksBuildPhase section */
		7D4BBAA31D4A11E700A59EB4 /* Frameworks */ = {
			isa = PBXFrameworksBuildPhase;
			buildActionMask = 2147483647;
			files = (
			);
			runOnlyForDeploymentPostprocessing = 0;
		};
		7D4BBABA1D4A11E700A59EB4 /* Frameworks */ = {
			isa = PBXFrameworksBuildPhase;
			buildActionMask = 2147483647;
			files = (
			);
			runOnlyForDeploymentPostprocessing = 0;
		};
		7D4BBAC51D4A11E700A59EB4 /* Frameworks */ = {
			isa = PBXFrameworksBuildPhase;
			buildActionMask = 2147483647;
			files = (
			);
			runOnlyForDeploymentPostprocessing = 0;
		};
/* End PBXFrameworksBuildPhase section */

/* Begin PBXGroup section */
		7D4BBA9D1D4A11E700A59EB4 = {
			isa = PBXGroup;
			children = (
				7D4BBAA81D4A11E700A59EB4 /* githubTest */,
				7D4BBAC01D4A11E700A59EB4 /* githubTestTests */,
				7D4BBACB1D4A11E700A59EB4 /* githubTestUITests */,
				7D4BBAA71D4A11E700A59EB4 /* Products */,
			);
			sourceTree = "<group>";
		};
		7D4BBAA71D4A11E700A59EB4 /* Products */ = {
			isa = PBXGroup;
			children = (
				7D4BBAA61D4A11E700A59EB4 /* githubTest.app */,
				7D4BBABD1D4A11E700A59EB4 /* githubTestTests.xctest */,
				7D4BBAC81D4A11E700A59EB4 /* githubTestUITests.xctest */,
			);
			name = Products;
			sourceTree = "<group>";
		};
		7D4BBAA81D4A11E700A59EB4 /* githubTest */ = {
			isa = PBXGroup;
			children = (
				7D4BBAA91D4A11E700A59EB4 /* AppDelegate.swift */,
				7D4BBAAB1D4A11E700A59EB4 /* ViewController.swift */,
				7D4BBAAD1D4A11E700A59EB4 /* Main.storyboard */,
				7D4BBAB31D4A11E700A59EB4 /* Assets.xcassets */,
				7D4BBAB51D4A11E700A59EB4 /* LaunchScreen.storyboard */,
				7D4BBAB81D4A11E700A59EB4 /* Info.plist */,
				7D4BBAB01D4A11E700A59EB4 /* githubTest.xcdatamodeld */,
			);
			path = githubTest;
			sourceTree = "<group>";
		};
		7D4BBAC01D4A11E700A59EB4 /* githubTestTests */ = {
			isa = PBXGroup;
			children = (
				7D4BBAC11D4A11E700A59EB4 /* githubTestTests.swift */,
				7D4BBAC31D4A11E700A59EB4 /* Info.plist */,
			);
			path = githubTestTests;
			sourceTree = "<group>";
		};
		7D4BBACB1D4A11E700A59EB4 /* githubTestUITests */ = {
			isa = PBXGroup;
			children = (
				7D4BBACC1D4A11E700A59EB4 /* githubTestUITests.swift */,
				7D4BBACE1D4A11E700A59EB4 /* Info.plist */,
			);
			path = githubTestUITests;
			sourceTree = "<group>";
		};
/* End PBXGroup section */

/* Begin PBXNativeTarget section */
		7D4BBAA51D4A11E700A59EB4 /* githubTest */ = {
			isa = PBXNativeTarget;
			buildConfigurationList = 7D4BBAD11D4A11E700A59EB4 /* Build configuration list for PBXNativeTarget "githubTest" */;
			buildPhases = (
				7D4BBAA21D4A11E700A59EB4 /* Sources */,
				7D4BBAA31D4A11E700A59EB4 /* Frameworks */,
				7D4BBAA41D4A11E700A59EB4 /* Resources */,
			);
			buildRules = (
			);
			dependencies = (
			);
			name = githubTest;
			productName = githubTest;
			productReference = 7D4BBAA61D4A11E700A59EB4 /* githubTest.app */;
			productType = "com.apple.product-type.application";
		};
		7D4BBABC1D4A11E700A59EB4 /* githubTestTests */ = {
			isa = PBXNativeTarget;
			buildConfigurationList = 7D4BBAD41D4A11E700A59EB4 /* Build configuration list for PBXNativeTarget "githubTestTests" */;
			buildPhases = (
				7D4BBAB91D4A11E700A59EB4 /* Sources */,
				7D4BBABA1D4A11E700A59EB4 /* Frameworks */,
				7D4BBABB1D4A11E700A59EB4 /* Resources */,
			);
			buildRules = (
			);
			dependencies = (
				7D4BBABF1D4A11E700A59EB4 /* PBXTargetDependency */,
			);
			name = githubTestTests;
			productName = githubTestTests;
			productReference = 7D4BBABD1D4A11E700A59EB4 /* githubTestTests.xctest */;
			productType = "com.apple.product-type.bundle.unit-test";
		};
		7D4BBAC71D4A11E700A59EB4 /* githubTestUITests */ = {
			isa = PBXNativeTarget;
			buildConfigurationList = 7D4BBAD71D4A11E700A59EB4 /* Build configuration list for PBXNativeTarget "githubTestUITests" */;
			buildPhases = (
				7D4BBAC41D4A11E700A59EB4 /* Sources */,
				7D4BBAC51D4A11E700A59EB4 /* Frameworks */,
				7D4BBAC61D4A11E700A59EB4 /* Resources */,
			);
			buildRules = (
			);
			dependencies = (
				7D4BBACA1D4A11E700A59EB4 /* PBXTargetDependency */,
			);
			name = githubTestUITests;
			productName = githubTestUITests;
			productReference = 7D4BBAC81D4A11E700A59EB4 /* githubTestUITests.xctest */;
			productType = "com.apple.product-type.bundle.ui-testing";
		};
/* End PBXNativeTarget section */

/* Begin PBXProject section */
		7D4BBA9E1D4A11E700A59EB4 /* Project object */ = {
			isa = PBXProject;
			attributes = {
				LastSwiftUpdateCheck = 0730;
				LastUpgradeCheck = 0730;
				ORGANIZATIONNAME = "MCKARE YAZILIM";
				TargetAttributes = {
					7D4BBAA51D4A11E700A59EB4 = {
						CreatedOnToolsVersion = 7.3.1;
					};
					7D4BBABC1D4A11E700A59EB4 = {
						CreatedOnToolsVersion = 7.3.1;
						TestTargetID = 7D4BBAA51D4A11E700A59EB4;
					};
					7D4BBAC71D4A11E700A59EB4 = {
						CreatedOnToolsVersion = 7.3.1;
						TestTargetID = 7D4BBAA51D4A11E700A59EB4;
					};
				};
			};
			buildConfigurationList = 7D4BBAA11D4A11E700A59EB4 /* Build configuration list for PBXProject "githubTest" */;
			compatibilityVersion = "Xcode 3.2";
			developmentRegion = English;
			hasScannedForEncodings = 0;
			knownRegions = (
				en,
				Base,
			);
			mainGroup = 7D4BBA9D1D4A11E700A59EB4;
			productRefGroup = 7D4BBAA71D4A11E700A59EB4 /* Products */;
			projectDirPath = "";
			projectRoot = "";
			targets = (
				7D4BBAA51D4A11E700A59EB4 /* githubTest */,
				7D4BBABC1D4A11E700A59EB4 /* githubTestTests */,
				7D4BBAC71D4A11E700A59EB4 /* githubTestUITests */,
			);
		};
/* End PBXProject section */

/* Begin PBXResourcesBuildPhase section */
		7D4BBAA41D4A11E700A59EB4 /* Resources */ = {
			isa = PBXResourcesBuildPhase;
			buildActionMask = 2147483647;
			files = (
				7D4BBAB71D4A11E700A59EB4 /* LaunchScreen.storyboard in Resources */,
				7D4BBAB41D4A11E700A59EB4 /* Assets.xcassets in Resources */,
				7D4BBAAF1D4A11E700A59EB4 /* Main.storyboard in Resources */,
			);
			runOnlyForDeploymentPostprocessing = 0;
		};
		7D4BBABB1D4A11E700A59EB4 /* Resources */ = {
			isa = PBXResourcesBuildPhase;
			buildActionMask = 2147483647;
			files = (
			);
			runOnlyForDeploymentPostprocessing = 0;
		};
		7D4BBAC61D4A11E700A59EB4 /* Resources */ = {
			isa = PBXResourcesBuildPhase;
			buildActionMask = 2147483647;
			files = (
			);
			runOnlyForDeploymentPostprocessing = 0;
		};
/* End PBXResourcesBuildPhase section */

/* Begin PBXSourcesBuildPhase section */
		7D4BBAA21D4A11E700A59EB4 /* Sources */ = {
			isa = PBXSourcesBuildPhase;
			buildActionMask = 2147483647;
			files = (
				7D4BBAAC1D4A11E700A59EB4 /* ViewController.swift in Sources */,
				7D4BBAB21D4A11E700A59EB4 /* githubTest.xcdatamodeld in Sources */,
				7D4BBAAA1D4A11E700A59EB4 /* AppDelegate.swift in Sources */,
			);
			runOnlyForDeploymentPostprocessing = 0;
		};
		7D4BBAB91D4A11E700A59EB4 /* Sources */ = {
			isa = PBXSourcesBuildPhase;
			buildActionMask = 2147483647;
			files = (
				7D4BBAC21D4A11E700A59EB4 /* githubTestTests.swift in Sources */,
			);
			runOnlyForDeploymentPostprocessing = 0;
		};
		7D4BBAC41D4A11E700A59EB4 /* Sources */ = {
			isa = PBXSourcesBuildPhase;
			buildActionMask = 2147483647;
			files = (
				7D4BBACD1D4A11E700A59EB4 /* githubTestUITests.swift in Sources */,
			);
			runOnlyForDeploymentPostprocessing = 0;
		};
/* End PBXSourcesBuildPhase section */

/* Begin PBXTargetDependency section */
		7D4BBABF1D4A11E700A59EB4 /* PBXTargetDependency */ = {
			isa = PBXTargetDependency;
			target = 7D4BBAA51D4A11E700A59EB4 /* githubTest */;
			targetProxy = 7D4BBABE1D4A11E700A59EB4 /* PBXContainerItemProxy */;
		};
		7D4BBACA1D4A11E700A59EB4 /* PBXTargetDependency */ = {
			isa = PBXTargetDependency;
			target = 7D4BBAA51D4A11E700A59EB4 /* githubTest */;
			targetProxy = 7D4BBAC91D4A11E700A59EB4 /* PBXContainerItemProxy */;
		};
/* End PBXTargetDependency section */

/* Begin PBXVariantGroup section */
		7D4BBAAD1D4A11E700A59EB4 /* Main.storyboard */ = {
			isa = PBXVariantGroup;
			children = (
				7D4BBAAE1D4A11E700A59EB4 /* Base */,
			);
			name = Main.storyboard;
			sourceTree = "<group>";
		};
		7D4BBAB51D4A11E700A59EB4 /* LaunchScreen.storyboard */ = {
			isa = PBXVariantGroup;
			children = (
				7D4BBAB61D4A11E700A59EB4 /* Base */,
			);
			name = LaunchScreen.storyboard;
			sourceTree = "<group>";
		};
/* End PBXVariantGroup section */

/* Begin XCBuildConfiguration section */
		7D4BBACF1D4A11E700A59EB4 /* Debug */ = {
			isa = XCBuildConfiguration;
			buildSettings = {
				ALWAYS_SEARCH_USER_PATHS = NO;
				CLANG_ANALYZER_NONNULL = YES;
				CLANG_CXX_LANGUAGE_STANDARD = "gnu++0x";
				CLANG_CXX_LIBRARY = "libc++";
				CLANG_ENABLE_MODULES = YES;
				CLANG_ENABLE_OBJC_ARC = YES;
				CLANG_WARN_BOOL_CONVERSION = YES;
				CLANG_WARN_CONSTANT_CONVERSION = YES;
				CLANG_WARN_DIRECT_OBJC_ISA_USAGE = YES_ERROR;
				CLANG_WARN_EMPTY_BODY = YES;
				CLANG_WARN_ENUM_CONVERSION = YES;
				CLANG_WARN_INT_CONVERSION = YES;
				CLANG_WARN_OBJC_ROOT_CLASS = YES_ERROR;
				CLANG_WARN_UNREACHABLE_CODE = YES;
				CLANG_WARN__DUPLICATE_METHOD_MATCH = YES;
				"CODE_SIGN_IDENTITY[sdk=iphoneos*]" = "iPhone Developer";
				COPY_PHASE_STRIP = NO;
				DEBUG_INFORMATION_FORMAT = dwarf;
				ENABLE_STRICT_OBJC_MSGSEND = YES;
				ENABLE_TESTABILITY = YES;
				GCC_C_LANGUAGE_STANDARD = gnu99;
				GCC_DYNAMIC_NO_PIC = NO;
				GCC_NO_COMMON_BLOCKS = YES;
				GCC_OPTIMIZATION_LEVEL = 0;
				GCC_PREPROCESSOR_DEFINITIONS = (
					"DEBUG=1",
					"$(inherited)",
				);
				GCC_WARN_64_TO_32_BIT_CONVERSION = YES;
				GCC_WARN_ABOUT_RETURN_TYPE = YES_ERROR;
				GCC_WARN_UNDECLARED_SELECTOR = YES;
				GCC_WARN_UNINITIALIZED_AUTOS = YES_AGGRESSIVE;
				GCC_WARN_UNUSED_FUNCTION = YES;
				GCC_WARN_UNUSED_VARIABLE = YES;
				IPHONEOS_DEPLOYMENT_TARGET = 9.3;
				MTL_ENABLE_DEBUG_INFO = YES;
				ONLY_ACTIVE_ARCH = YES;
				SDKROOT = iphoneos;
				SWIFT_OPTIMIZATION_LEVEL = "-Onone";
				TARGETED_DEVICE_FAMILY = "1,2";
			};
			name = Debug;
		};
		7D4BBAD01D4A11E700A59EB4 /* Release */ = {
			isa = XCBuildConfiguration;
			buildSettings = {
				ALWAYS_SEARCH_USER_PATHS = NO;
				CLANG_ANALYZER_NONNULL = YES;
				CLANG_CXX_LANGUAGE_STANDARD = "gnu++0x";
				CLANG_CXX_LIBRARY = "libc++";
				CLANG_ENABLE_MODULES = YES;
				CLANG_ENABLE_OBJC_ARC = YES;
				CLANG_WARN_BOOL_CONVERSION = YES;
				CLANG_WARN_CONSTANT_CONVERSION = YES;
				CLANG_WARN_DIRECT_OBJC_ISA_USAGE = YES_ERROR;
				CLANG_WARN_EMPTY_BODY = YES;
				CLANG_WARN_ENUM_CONVERSION = YES;
				CLANG_WARN_INT_CONVERSION = YES;
				CLANG_WARN_OBJC_ROOT_CLASS = YES_ERROR;
				CLANG_WARN_UNREACHABLE_CODE = YES;
				CLANG_WARN__DUPLICATE_METHOD_MATCH = YES;
				"CODE_SIGN_IDENTITY[sdk=iphoneos*]" = "iPhone Developer";
				COPY_PHASE_STRIP = NO;
				DEBUG_INFORMATION_FORMAT = "dwarf-with-dsym";
				ENABLE_NS_ASSERTIONS = NO;
				ENABLE_STRICT_OBJC_MSGSEND = YES;
				GCC_C_LANGUAGE_STANDARD = gnu99;
				GCC_NO_COMMON_BLOCKS = YES;
				GCC_WARN_64_TO_32_BIT_CONVERSION = YES;
				GCC_WARN_ABOUT_RETURN_TYPE = YES_ERROR;
				GCC_WARN_UNDECLARED_SELECTOR = YES;
				GCC_WARN_UNINITIALIZED_AUTOS = YES_AGGRESSIVE;
				GCC_WARN_UNUSED_FUNCTION = YES;
				GCC_WARN_UNUSED_VARIABLE = YES;
				IPHONEOS_DEPLOYMENT_TARGET = 9.3;
				MTL_ENABLE_DEBUG_INFO = NO;
				SDKROOT = iphoneos;
				TARGETED_DEVICE_FAMILY = "1,2";
				VALIDATE_PRODUCT = YES;
			};
			name = Release;
		};
		7D4BBAD21D4A11E700A59EB4 /* Debug */ = {
			isa = XCBuildConfiguration;
			buildSettings = {
				ASSETCATALOG_COMPILER_APPICON_NAME = AppIcon;
				INFOPLIST_FILE = githubTest/Info.plist;
				LD_RUNPATH_SEARCH_PATHS = "$(inherited) @executable_path/Frameworks";
				PRODUCT_BUNDLE_IDENTIFIER = com.mckare.githubTest;
				PRODUCT_NAME = "$(TARGET_NAME)";
			};
			name = Debug;
		};
		7D4BBAD31D4A11E700A59EB4 /* Release */ = {
			isa = XCBuildConfiguration;
			buildSettings = {
				ASSETCATALOG_COMPILER_APPICON_NAME = AppIcon;
				INFOPLIST_FILE = githubTest/Info.plist;
				LD_RUNPATH_SEARCH_PATHS = "$(inherited) @executable_path/Frameworks";
				PRODUCT_BUNDLE_IDENTIFIER = com.mckare.githubTest;
				PRODUCT_NAME = "$(TARGET_NAME)";
			};
			name = Release;
		};
		7D4BBAD51D4A11E700A59EB4 /* Debug */ = {
			isa = XCBuildConfiguration;
			buildSettings = {
				BUNDLE_LOADER = "$(TEST_HOST)";
				INFOPLIST_FILE = githubTestTests/Info.plist;
				LD_RUNPATH_SEARCH_PATHS = "$(inherited) @executable_path/Frameworks @loader_path/Frameworks";
				PRODUCT_BUNDLE_IDENTIFIER = com.mckare.githubTestTests;
				PRODUCT_NAME = "$(TARGET_NAME)";
				TEST_HOST = "$(BUILT_PRODUCTS_DIR)/githubTest.app/githubTest";
			};
			name = Debug;
		};
		7D4BBAD61D4A11E700A59EB4 /* Release */ = {
			isa = XCBuildConfiguration;
			buildSettings = {
				BUNDLE_LOADER = "$(TEST_HOST)";
				INFOPLIST_FILE = githubTestTests/Info.plist;
				LD_RUNPATH_SEARCH_PATHS = "$(inherited) @executable_path/Frameworks @loader_path/Frameworks";
				PRODUCT_BUNDLE_IDENTIFIER = com.mckare.githubTestTests;
				PRODUCT_NAME = "$(TARGET_NAME)";
				TEST_HOST = "$(BUILT_PRODUCTS_DIR)/githubTest.app/githubTest";
			};
			name = Release;
		};
		7D4BBAD81D4A11E700A59EB4 /* Debug */ = {
			isa = XCBuildConfiguration;
			buildSettings = {
				INFOPLIST_FILE = githubTestUITests/Info.plist;
				LD_RUNPATH_SEARCH_PATHS = "$(inherited) @executable_path/Frameworks @loader_path/Frameworks";
				PRODUCT_BUNDLE_IDENTIFIER = com.mckare.githubTestUITests;
				PRODUCT_NAME = "$(TARGET_NAME)";
				TEST_TARGET_NAME = githubTest;
			};
			name = Debug;
		};
		7D4BBAD91D4A11E700A59EB4 /* Release */ = {
			isa = XCBuildConfiguration;
			buildSettings = {
				INFOPLIST_FILE = githubTestUITests/Info.plist;
				LD_RUNPATH_SEARCH_PATHS = "$(inherited) @executable_path/Frameworks @loader_path/Frameworks";
				PRODUCT_BUNDLE_IDENTIFIER = com.mckare.githubTestUITests;
				PRODUCT_NAME = "$(TARGET_NAME)";
				TEST_TARGET_NAME = githubTest;
			};
			name = Release;
		};
/* End XCBuildConfiguration section */

/* Begin XCConfigurationList section */
		7D4BBAA11D4A11E700A59EB4 /* Build configuration list for PBXProject "githubTest" */ = {
			isa = XCConfigurationList;
			buildConfigurations = (
				7D4BBACF1D4A11E700A59EB4 /* Debug */,
				7D4BBAD01D4A11E700A59EB4 /* Release */,
			);
			defaultConfigurationIsVisible = 0;
			defaultConfigurationName = Release;
		};
		7D4BBAD11D4A11E700A59EB4 /* Build configuration list for PBXNativeTarget "githubTest" */ = {
			isa = XCConfigurationList;
			buildConfigurations = (
				7D4BBAD21D4A11E700A59EB4 /* Debug */,
				7D4BBAD31D4A11E700A59EB4 /* Release */,
			);
			defaultConfigurationIsVisible = 0;
		};
		7D4BBAD41D4A11E700A59EB4 /* Build configuration list for PBXNativeTarget "githubTestTests" */ = {
			isa = XCConfigurationList;
			buildConfigurations = (
				7D4BBAD51D4A11E700A59EB4 /* Debug */,
				7D4BBAD61D4A11E700A59EB4 /* Release */,
			);
			defaultConfigurationIsVisible = 0;
		};
		7D4BBAD71D4A11E700A59EB4 /* Build configuration list for PBXNativeTarget "githubTestUITests" */ = {
			isa = XCConfigurationList;
			buildConfigurations = (
				7D4BBAD81D4A11E700A59EB4 /* Debug */,
				7D4BBAD91D4A11E700A59EB4 /* Release */,
			);
			defaultConfigurationIsVisible = 0;
		};
/* End XCConfigurationList section */

/* Begin XCVersionGroup section */
		7D4BBAB01D4A11E700A59EB4 /* githubTest.xcdatamodeld */ = {
			isa = XCVersionGroup;
			children = (
				7D4BBAB11D4A11E700A59EB4 /* githubTest.xcdatamodel */,
			);
			currentVersion = 7D4BBAB11D4A11E700A59EB4 /* githubTest.xcdatamodel */;
			path = githubTest.xcdatamodeld;
			sourceTree = "<group>";
			versionGroupType = wrapper.xcdatamodel;
		};
/* End XCVersionGroup section */
	};
	rootObject = 7D4BBA9E1D4A11E700A59EB4 /* Project object */;
}
